
Microsoft Visual Studio Solution File, Format Version 12.00
# Visual Studio 15
VisualStudioVersion = 15.0.26730.15
MinimumVisualStudioVersion = 10.0.40219.1
Project("{2150E333-8FDC-42A3-9474-1A3956D46DE8}") = "FractionsAddition", "FractionsAddition", "{A62B14DA-5E21-4AB8-8060-9FB43C3297F8}"
	ProjectSection(SolutionItems) = preProject
		Requirements.md = Requirements.md
	EndProjectSection
EndProject
Project("{FAE04EC0-301F-11D3-BF4B-00C04F79EFBC}") = "Tests", "FractionsAddition\Tests\Tests.csproj", "{FC11E1F2-3CC4-43A3-A89F-72EAFFC06FF4}"
EndProject
Global
	GlobalSection(SolutionConfigurationPlatforms) = preSolution
		Debug|Any CPU = Debug|Any CPU
		Release|Any CPU = Release|Any CPU
	EndGlobalSection
	GlobalSection(ProjectConfigurationPlatforms) = postSolution
		{FC11E1F2-3CC4-43A3-A89F-72EAFFC06FF4}.Debug|Any CPU.ActiveCfg = Debug|Any CPU
		{FC11E1F2-3CC4-43A3-A89F-72EAFFC06FF4}.Debug|Any CPU.Build.0 = Debug|Any CPU
		{FC11E1F2-3CC4-43A3-A89F-72EAFFC06FF4}.Release|Any CPU.ActiveCfg = Release|Any CPU
		{FC11E1F2-3CC4-43A3-A89F-72EAFFC06FF4}.Release|Any CPU.Build.0 = Release|Any CPU
	EndGlobalSection
	GlobalSection(SolutionProperties) = preSolution
		HideSolutionNode = FALSE
	EndGlobalSection
	GlobalSection(NestedProjects) = preSolution
		{FC11E1F2-3CC4-43A3-A89F-72EAFFC06FF4} = {A62B14DA-5E21-4AB8-8060-9FB43C3297F8}
	EndGlobalSection
	GlobalSection(ExtensibilityGlobals) = postSolution
		SolutionGuid = {9E19E42D-C0F5-4FDC-B32B-8E0AEEC343B6}
	EndGlobalSection
EndGlobal
